
Microsoft Visual Studio Solution File, Format Version 12.00
# Visual Studio Version 17
VisualStudioVersion = 17.10.35122.118
MinimumVisualStudioVersion = 10.0.40219.1
Project("{FAE04EC0-301F-11D3-BF4B-00C04F79EFBC}") = "ApkInstaller", "ApkInstaller\ApkInstaller.csproj", "{1EEE0FA9-EE17-4DF4-BF92-583C1B8F69F9}"
EndProject
Global
	GlobalSection(SolutionConfigurationPlatforms) = preSolution
		Debug|Any CPU = Debug|Any CPU
		Release|Any CPU = Release|Any CPU
	EndGlobalSection
	GlobalSection(ProjectConfigurationPlatforms) = postSolution
		{1EEE0FA9-EE17-4DF4-BF92-583C1B8F69F9}.Debug|Any CPU.ActiveCfg = Debug|Any CPU
		{1EEE0FA9-EE17-4DF4-BF92-583C1B8F69F9}.Debug|Any CPU.Build.0 = Debug|Any CPU
		{1EEE0FA9-EE17-4DF4-BF92-583C1B8F69F9}.Release|Any CPU.ActiveCfg = Release|Any CPU
		{1EEE0FA9-EE17-4DF4-BF92-583C1B8F69F9}.Release|Any CPU.Build.0 = Release|Any CPU
	EndGlobalSection
	GlobalSection(SolutionProperties) = preSolution
		HideSolutionNode = FALSE
	EndGlobalSection
	GlobalSection(ExtensibilityGlobals) = postSolution
		SolutionGuid = {BCE1A370-CD1F-4A48-AF88-724B9300685E}
	EndGlobalSection
EndGlobal
